// !$*UTF8*$!
{
	archiveVersion = 1;
	classes = {
	};
	objectVersion = 55;
	objects = {

/* Begin PBXBuildFile section */
		EEDE59602832614C00A7FDF0 /* CombineExt in Frameworks */ = {isa = PBXBuildFile; productRef = EEDE595F2832614C00A7FDF0 /* CombineExt */; };
		EEDE5963283261BB00A7FDF0 /* Publisher_Subscriber.swift in Sources */ = {isa = PBXBuildFile; fileRef = EEDE5962283261BB00A7FDF0 /* Publisher_Subscriber.swift */; };
		EEDE5965283261D000A7FDF0 /* Subject.swift in Sources */ = {isa = PBXBuildFile; fileRef = EEDE5964283261D000A7FDF0 /* Subject.swift */; };
		EEDE5967283261DB00A7FDF0 /* Scheduler.swift in Sources */ = {isa = PBXBuildFile; fileRef = EEDE5966283261DB00A7FDF0 /* Scheduler.swift */; };
		EEDE5969283261EA00A7FDF0 /* Cancellable.swift in Sources */ = {isa = PBXBuildFile; fileRef = EEDE5968283261EA00A7FDF0 /* Cancellable.swift */; };
/* End PBXBuildFile section */

/* Begin PBXCopyFilesBuildPhase section */
		EEDE59522832612600A7FDF0 /* CopyFiles */ = {
			isa = PBXCopyFilesBuildPhase;
			buildActionMask = 2147483647;
			dstPath = /usr/share/man/man1/;
			dstSubfolderSpec = 0;
			files = (
			);
			runOnlyForDeploymentPostprocessing = 1;
		};
/* End PBXCopyFilesBuildPhase section */

/* Begin PBXFileReference section */
		EEDE59542832612600A7FDF0 /* CombineStudy_Grammer */ = {isa = PBXFileReference; explicitFileType = "compiled.mach-o.executable"; includeInIndex = 0; path = CombineStudy_Grammer; sourceTree = BUILT_PRODUCTS_DIR; };
		EEDE5962283261BB00A7FDF0 /* Publisher_Subscriber.swift */ = {isa = PBXFileReference; lastKnownFileType = sourcecode.swift; path = Publisher_Subscriber.swift; sourceTree = "<group>"; };
		EEDE5964283261D000A7FDF0 /* Subject.swift */ = {isa = PBXFileReference; lastKnownFileType = sourcecode.swift; path = Subject.swift; sourceTree = "<group>"; };
		EEDE5966283261DB00A7FDF0 /* Scheduler.swift */ = {isa = PBXFileReference; lastKnownFileType = sourcecode.swift; path = Scheduler.swift; sourceTree = "<group>"; };
		EEDE5968283261EA00A7FDF0 /* Cancellable.swift */ = {isa = PBXFileReference; lastKnownFileType = sourcecode.swift; path = Cancellable.swift; sourceTree = "<group>"; };
/* End PBXFileReference section */

/* Begin PBXFrameworksBuildPhase section */
		EEDE59512832612600A7FDF0 /* Frameworks */ = {
			isa = PBXFrameworksBuildPhase;
			buildActionMask = 2147483647;
			files = (
				EEDE59602832614C00A7FDF0 /* CombineExt in Frameworks */,
			);
			runOnlyForDeploymentPostprocessing = 0;
		};
/* End PBXFrameworksBuildPhase section */

/* Begin PBXGroup section */
		EEDE594B2832612600A7FDF0 = {
			isa = PBXGroup;
			children = (
				EEDE59562832612600A7FDF0 /* CombineStudy_Grammer */,
				EEDE59552832612600A7FDF0 /* Products */,
			);
			sourceTree = "<group>";
		};
		EEDE59552832612600A7FDF0 /* Products */ = {
			isa = PBXGroup;
			children = (
				EEDE59542832612600A7FDF0 /* CombineStudy_Grammer */,
			);
			name = Products;
			sourceTree = "<group>";
		};
		EEDE59562832612600A7FDF0 /* CombineStudy_Grammer */ = {
			isa = PBXGroup;
			children = (
				EEDE59612832616A00A7FDF0 /* 5.16 */,
			);
			path = CombineStudy_Grammer;
			sourceTree = "<group>";
		};
		EEDE59612832616A00A7FDF0 /* 5.16 */ = {
			isa = PBXGroup;
			children = (
				EEDE5962283261BB00A7FDF0 /* Publisher_Subscriber.swift */,
				EEDE5964283261D000A7FDF0 /* Subject.swift */,
				EEDE5966283261DB00A7FDF0 /* Scheduler.swift */,
				EEDE5968283261EA00A7FDF0 /* Cancellable.swift */,
			);
			path = 5.16;
			sourceTree = "<group>";
		};
/* End PBXGroup section */

/* Begin PBXNativeTarget section */
		EEDE59532832612600A7FDF0 /* CombineStudy_Grammer */ = {
			isa = PBXNativeTarget;
			buildConfigurationList = EEDE595B2832612600A7FDF0 /* Build configuration list for PBXNativeTarget "CombineStudy_Grammer" */;
			buildPhases = (
				EEDE59502832612600A7FDF0 /* Sources */,
				EEDE59512832612600A7FDF0 /* Frameworks */,
				EEDE59522832612600A7FDF0 /* CopyFiles */,
			);
			buildRules = (
			);
			dependencies = (
			);
			name = CombineStudy_Grammer;
			packageProductDependencies = (
				EEDE595F2832614C00A7FDF0 /* CombineExt */,
			);
			productName = CombineStudy_Grammer;
			productReference = EEDE59542832612600A7FDF0 /* CombineStudy_Grammer */;
			productType = "com.apple.product-type.tool";
		};
/* End PBXNativeTarget section */

/* Begin PBXProject section */
		EEDE594C2832612600A7FDF0 /* Project object */ = {
			isa = PBXProject;
			attributes = {
				BuildIndependentTargetsInParallel = 1;
				LastSwiftUpdateCheck = 1330;
				LastUpgradeCheck = 1330;
				TargetAttributes = {
					EEDE59532832612600A7FDF0 = {
						CreatedOnToolsVersion = 13.3.1;
					};
				};
			};
			buildConfigurationList = EEDE594F2832612600A7FDF0 /* Build configuration list for PBXProject "CombineStudy_Grammer" */;
			compatibilityVersion = "Xcode 13.0";
			developmentRegion = en;
			hasScannedForEncodings = 0;
			knownRegions = (
				en,
				Base,
			);
			mainGroup = EEDE594B2832612600A7FDF0;
			packageReferences = (
				EEDE595E2832614C00A7FDF0 /* XCRemoteSwiftPackageReference "CombineExt" */,
			);
			productRefGroup = EEDE59552832612600A7FDF0 /* Products */;
			projectDirPath = "";
			projectRoot = "";
			targets = (
				EEDE59532832612600A7FDF0 /* CombineStudy_Grammer */,
			);
		};
/* End PBXProject section */

/* Begin PBXSourcesBuildPhase section */
		EEDE59502832612600A7FDF0 /* Sources */ = {
			isa = PBXSourcesBuildPhase;
			buildActionMask = 2147483647;
			files = (
				EEDE5967283261DB00A7FDF0 /* Scheduler.swift in Sources */,
				EEDE5965283261D000A7FDF0 /* Subject.swift in Sources */,
				EEDE5969283261EA00A7FDF0 /* Cancellable.swift in Sources */,
				EEDE5963283261BB00A7FDF0 /* Publisher_Subscriber.swift in Sources */,
			);
			runOnlyForDeploymentPostprocessing = 0;
		};
/* End PBXSourcesBuildPhase section */

/* Begin XCBuildConfiguration section */
		EEDE59592832612600A7FDF0 /* Debug */ = {
			isa = XCBuildConfiguration;
			buildSettings = {
				ALWAYS_SEARCH_USER_PATHS = NO;
				CLANG_ANALYZER_NONNULL = YES;
				CLANG_ANALYZER_NUMBER_OBJECT_CONVERSION = YES_AGGRESSIVE;
				CLANG_CXX_LANGUAGE_STANDARD = "gnu++17";
				CLANG_ENABLE_MODULES = YES;
				CLANG_ENABLE_OBJC_ARC = YES;
				CLANG_ENABLE_OBJC_WEAK = YES;
				CLANG_WARN_BLOCK_CAPTURE_AUTORELEASING = YES;
				CLANG_WARN_BOOL_CONVERSION = YES;
				CLANG_WARN_COMMA = YES;
				CLANG_WARN_CONSTANT_CONVERSION = YES;
				CLANG_WARN_DEPRECATED_OBJC_IMPLEMENTATIONS = YES;
				CLANG_WARN_DIRECT_OBJC_ISA_USAGE = YES_ERROR;
				CLANG_WARN_DOCUMENTATION_COMMENTS = YES;
				CLANG_WARN_EMPTY_BODY = YES;
				CLANG_WARN_ENUM_CONVERSION = YES;
				CLANG_WARN_INFINITE_RECURSION = YES;
				CLANG_WARN_INT_CONVERSION = YES;
				CLANG_WARN_NON_LITERAL_NULL_CONVERSION = YES;
				CLANG_WARN_OBJC_IMPLICIT_RETAIN_SELF = YES;
				CLANG_WARN_OBJC_LITERAL_CONVERSION = YES;
				CLANG_WARN_OBJC_ROOT_CLASS = YES_ERROR;
				CLANG_WARN_QUOTED_INCLUDE_IN_FRAMEWORK_HEADER = YES;
				CLANG_WARN_RANGE_LOOP_ANALYSIS = YES;
				CLANG_WARN_STRICT_PROTOTYPES = YES;
				CLANG_WARN_SUSPICIOUS_MOVE = YES;
				CLANG_WARN_UNGUARDED_AVAILABILITY = YES_AGGRESSIVE;
				CLANG_WARN_UNREACHABLE_CODE = YES;
				CLANG_WARN__DUPLICATE_METHOD_MATCH = YES;
				COPY_PHASE_STRIP = NO;
				DEBUG_INFORMATION_FORMAT = dwarf;
				ENABLE_STRICT_OBJC_MSGSEND = YES;
				ENABLE_TESTABILITY = YES;
				GCC_C_LANGUAGE_STANDARD = gnu11;
				GCC_DYNAMIC_NO_PIC = NO;
				GCC_NO_COMMON_BLOCKS = YES;
				GCC_OPTIMIZATION_LEVEL = 0;
				GCC_PREPROCESSOR_DEFINITIONS = (
					"DEBUG=1",
					"$(inherited)",
				);
				GCC_WARN_64_TO_32_BIT_CONVERSION = YES;
				GCC_WARN_ABOUT_RETURN_TYPE = YES_ERROR;
				GCC_WARN_UNDECLARED_SELECTOR = YES;
				GCC_WARN_UNINITIALIZED_AUTOS = YES_AGGRESSIVE;
				GCC_WARN_UNUSED_FUNCTION = YES;
				GCC_WARN_UNUSED_VARIABLE = YES;
				MACOSX_DEPLOYMENT_TARGET = 12.3;
				MTL_ENABLE_DEBUG_INFO = INCLUDE_SOURCE;
				MTL_FAST_MATH = YES;
				ONLY_ACTIVE_ARCH = YES;
				SDKROOT = macosx;
				SWIFT_ACTIVE_COMPILATION_CONDITIONS = DEBUG;
				SWIFT_OPTIMIZATION_LEVEL = "-Onone";
			};
			name = Debug;
		};
		EEDE595A2832612600A7FDF0 /* Release */ = {
			isa = XCBuildConfiguration;
			buildSettings = {
				ALWAYS_SEARCH_USER_PATHS = NO;
				CLANG_ANALYZER_NONNULL = YES;
				CLANG_ANALYZER_NUMBER_OBJECT_CONVERSION = YES_AGGRESSIVE;
				CLANG_CXX_LANGUAGE_STANDARD = "gnu++17";
				CLANG_ENABLE_MODULES = YES;
				CLANG_ENABLE_OBJC_ARC = YES;
				CLANG_ENABLE_OBJC_WEAK = YES;
				CLANG_WARN_BLOCK_CAPTURE_AUTORELEASING = YES;
				CLANG_WARN_BOOL_CONVERSION = YES;
				CLANG_WARN_COMMA = YES;
				CLANG_WARN_CONSTANT_CONVERSION = YES;
				CLANG_WARN_DEPRECATED_OBJC_IMPLEMENTATIONS = YES;
				CLANG_WARN_DIRECT_OBJC_ISA_USAGE = YES_ERROR;
				CLANG_WARN_DOCUMENTATION_COMMENTS = YES;
				CLANG_WARN_EMPTY_BODY = YES;
				CLANG_WARN_ENUM_CONVERSION = YES;
				CLANG_WARN_INFINITE_RECURSION = YES;
				CLANG_WARN_INT_CONVERSION = YES;
				CLANG_WARN_NON_LITERAL_NULL_CONVERSION = YES;
				CLANG_WARN_OBJC_IMPLICIT_RETAIN_SELF = YES;
				CLANG_WARN_OBJC_LITERAL_CONVERSION = YES;
				CLANG_WARN_OBJC_ROOT_CLASS = YES_ERROR;
				CLANG_WARN_QUOTED_INCLUDE_IN_FRAMEWORK_HEADER = YES;
				CLANG_WARN_RANGE_LOOP_ANALYSIS = YES;
				CLANG_WARN_STRICT_PROTOTYPES = YES;
				CLANG_WARN_SUSPICIOUS_MOVE = YES;
				CLANG_WARN_UNGUARDED_AVAILABILITY = YES_AGGRESSIVE;
				CLANG_WARN_UNREACHABLE_CODE = YES;
				CLANG_WARN__DUPLICATE_METHOD_MATCH = YES;
				COPY_PHASE_STRIP = NO;
				DEBUG_INFORMATION_FORMAT = "dwarf-with-dsym";
				ENABLE_NS_ASSERTIONS = NO;
				ENABLE_STRICT_OBJC_MSGSEND = YES;
				GCC_C_LANGUAGE_STANDARD = gnu11;
				GCC_NO_COMMON_BLOCKS = YES;
				GCC_WARN_64_TO_32_BIT_CONVERSION = YES;
				GCC_WARN_ABOUT_RETURN_TYPE = YES_ERROR;
				GCC_WARN_UNDECLARED_SELECTOR = YES;
				GCC_WARN_UNINITIALIZED_AUTOS = YES_AGGRESSIVE;
				GCC_WARN_UNUSED_FUNCTION = YES;
				GCC_WARN_UNUSED_VARIABLE = YES;
				MACOSX_DEPLOYMENT_TARGET = 12.3;
				MTL_ENABLE_DEBUG_INFO = NO;
				MTL_FAST_MATH = YES;
				SDKROOT = macosx;
				SWIFT_COMPILATION_MODE = wholemodule;
				SWIFT_OPTIMIZATION_LEVEL = "-O";
			};
			name = Release;
		};
		EEDE595C2832612600A7FDF0 /* Debug */ = {
			isa = XCBuildConfiguration;
			buildSettings = {
				CODE_SIGN_STYLE = Automatic;
				DEVELOPMENT_TEAM = Q2JZBR7H7Y;
				ENABLE_HARDENED_RUNTIME = YES;
				PRODUCT_NAME = "$(TARGET_NAME)";
				SWIFT_VERSION = 5.0;
			};
			name = Debug;
		};
		EEDE595D2832612600A7FDF0 /* Release */ = {
			isa = XCBuildConfiguration;
			buildSettings = {
				CODE_SIGN_STYLE = Automatic;
				DEVELOPMENT_TEAM = Q2JZBR7H7Y;
				ENABLE_HARDENED_RUNTIME = YES;
				PRODUCT_NAME = "$(TARGET_NAME)";
				SWIFT_VERSION = 5.0;
			};
			name = Release;
		};
/* End XCBuildConfiguration section */

/* Begin XCConfigurationList section */
		EEDE594F2832612600A7FDF0 /* Build configuration list for PBXProject "CombineStudy_Grammer" */ = {
			isa = XCConfigurationList;
			buildConfigurations = (
				EEDE59592832612600A7FDF0 /* Debug */,
				EEDE595A2832612600A7FDF0 /* Release */,
			);
			defaultConfigurationIsVisible = 0;
			defaultConfigurationName = Release;
		};
		EEDE595B2832612600A7FDF0 /* Build configuration list for PBXNativeTarget "CombineStudy_Grammer" */ = {
			isa = XCConfigurationList;
			buildConfigurations = (
				EEDE595C2832612600A7FDF0 /* Debug */,
				EEDE595D2832612600A7FDF0 /* Release */,
			);
			defaultConfigurationIsVisible = 0;
			defaultConfigurationName = Release;
		};
/* End XCConfigurationList section */

/* Begin XCRemoteSwiftPackageReference section */
		EEDE595E2832614C00A7FDF0 /* XCRemoteSwiftPackageReference "CombineExt" */ = {
			isa = XCRemoteSwiftPackageReference;
			repositoryURL = "https://github.com/CombineCommunity/CombineExt";
			requirement = {
				branch = main;
				kind = branch;
			};
		};
/* End XCRemoteSwiftPackageReference section */

/* Begin XCSwiftPackageProductDependency section */
		EEDE595F2832614C00A7FDF0 /* CombineExt */ = {
			isa = XCSwiftPackageProductDependency;
			package = EEDE595E2832614C00A7FDF0 /* XCRemoteSwiftPackageReference "CombineExt" */;
			productName = CombineExt;
		};
/* End XCSwiftPackageProductDependency section */
	};
	rootObject = EEDE594C2832612600A7FDF0 /* Project object */;
}
